{
  "object": {
    "pins": [
      {
        "package": "AppAuth",
        "repositoryURL": "https://github.com/openid/AppAuth-iOS.git",
        "state": {
          "branch": null,
          "revision": "3d36a58a2b736f7bc499453e996a704929b25080",
          "version": "1.6.0"
        }
      },
      {
        "package": "Awesome",
        "repositoryURL": "https://github.com/LiveUI/Awesome",
        "state": {
          "branch": null,
          "revision": "40c68d0ca2b143c1118e636518706a4b8332777b",
          "version": "2.4.0"
        }
      },
      {
        "package": "GoogleSignIn",
        "repositoryURL": "https://github.com/google/GoogleSignIn-iOS",
        "state": {
          "branch": "main",
          "revision": "2b7e36d8c3a655f0ed0dbf1dc92ffe3c0bf31ee5",
          "version": null
        }
      },
      {
        "package": "GTMSessionFetcher",
        "repositoryURL": "https://github.com/google/gtm-session-fetcher.git",
        "state": {
          "branch": null,
          "revision": "d4289da23e978f37c344ea6a386e5546e2466294",
          "version": "2.1.0"
        }
      },
      {
        "package": "GTMAppAuth",
        "repositoryURL": "https://github.com/google/GTMAppAuth.git",
        "state": {
          "branch": null,
          "revision": "6dee0cde8a1b223737a5159e55e6b4ec16bbbdd9",
          "version": "1.3.1"
        }
      }
    ]
  },
  "version": 1
}
